{
  "name": "pingcode-graphs",
  "version": "1.0.0",
  "lockfileVersion": 3,
  "requires": true,
  "packages": {
    "": {
      "name": "pingcode-graphs",
      "version": "1.0.0",
      "dependencies": {
        "@pc-nexus/core": "^0.5.0",
        "@pc-nexus/network": "^0.5.0"
      },
      "devDependencies": {
        "@types/node": "^24.10.1",
        "typescript": "^5.9.3"
      }
    },
    "node_modules/@pc-nexus/core": {
      "version": "0.5.0",
      "resolved": "https://registry.npmjs.org/@pc-nexus/core/-/core-0.5.0.tgz",
      "integrity": "sha512-eRchyZNp4ZlBXtajod5OKGKGY5vmcHTfm3lOETY9uRJZZRUmrhvbzjkatwSOIUvLbaYsIecYWr52gWOrxUr6RA==",
      "license": "ISC",
      "dependencies": {
        "@pc-nexus/internal": "0.5.0",
        "lodash": "^4.17.21"
      }
    },
    "node_modules/@pc-nexus/internal": {
      "version": "0.5.0",
      "resolved": "https://registry.npmjs.org/@pc-nexus/internal/-/internal-0.5.0.tgz",
      "integrity": "sha512-Fl+liPiERips6HFsPDESwP+xH/h3TKcFNcYiH8P10wKVNgfBbxE/vjwi5sDp/3Hj0zceWSdX5eqJwZcgDY1b3w==",
      "license": "ISC"
    },
    "node_modules/@pc-nexus/network": {
      "version": "0.5.0",
      "resolved": "https://registry.npmjs.org/@pc-nexus/network/-/network-0.5.0.tgz",
      "integrity": "sha512-f7Pkn0jPQL/uQ1LL1qxX9QsMOcmc72YupWFJzkR3RYDIsmNQ7q2RfiCzLlXqpVnxt1d9PcDXcbL/PvWSXTdqXg==",
      "license": "ISC",
      "dependencies": {
        "@pc-nexus/internal": "0.5.0"
      }
    },
    "node_modules/@types/node": {
      "version": "24.13.6",
      "resolved": "https://registry.npmjs.org/@types/node/-/node-24.13.6.tgz",
      "integrity": "sha512-SGrw/h3KPFshy3OE6ZL53LMBG5vGQQ8/gIpiqz/kRZhPJ7HgwCEs8LBuNtWLa8dvGZVpSF7+Bf+c11HUrCb/yg==",
      "dev": true,
      "license": "MIT",
      "dependencies": {
        "undici-types": "~7.18.0"
      }
    },
    "node_modules/lodash": {
      "version": "4.18.1",
      "resolved": "https://registry.npmjs.org/lodash/-/lodash-4.18.1.tgz",
      "integrity": "sha512-dMInicTPVE8d1e5otfwmmjlxkZoUpiVLwyeTdUsi/Caj/gfzzblBcCE5sRHV/AsjuCmxWrte2TNGSYuCeCq+0Q==",
      "license": "MIT"
    },
    "node_modules/typescript": {
      "version": "5.9.3",
      "resolved": "https://registry.npmjs.org/typescript/-/typescript-5.9.3.tgz",
      "integrity": "sha512-jl1vZzPDinLr9eUt3J/t7V6FgNEw9QjvBPdysz9KfQDD41fQrC2Y4vKQdiaUpFT4bXlb1RHhLpp8wtm6M5TgSw==",
      "dev": true,
      "license": "Apache-2.0",
      "bin": {
        "tsc": "bin/tsc",
        "tsserver": "bin/tsserver"
      },
      "engines": {
        "node": ">=14.17"
      }
    },
    "node_modules/undici-types": {
      "version": "7.18.2",
      "resolved": "https://registry.npmjs.org/undici-types/-/undici-types-7.18.2.tgz",
      "integrity": "sha512-AsuCzffGHJybSaRrmr5eHr81mwJU3kjw6M+uprWvCXiNeN9SOGwQ3Jn8jb8m3Z6izVgknn1R0FTCEAP2QrLY/w==",
      "dev": true,
      "license": "MIT"
    }
  }
}
