{
  "name": "pingcode-graphs",
  "version": "1.0.0",
  "lockfileVersion": 3,
  "requires": true,
  "packages": {
    "": {
      "name": "pingcode-graphs",
      "version": "1.0.0",
      "dependencies": {
        "@pc-nexus/core": "^0.8.0-next.14",
        "@pc-nexus/event": "^0.8.0-next.14",
        "@pc-nexus/network": "^0.8.0-next.14",
        "@pc-nexus/storage": "^0.8.0-next.14"
      },
      "devDependencies": {
        "@types/node": "^24.10.1",
        "typescript": "^5.9.3"
      }
    },
    "node_modules/@pc-nexus/core": {
      "version": "0.8.0-next.14",
      "resolved": "https://registry.npmjs.org/@pc-nexus/core/-/core-0.8.0-next.14.tgz",
      "integrity": "sha512-WWpTfnDHQTyYMEC1IqemcGz8o1NIVJoXQOO4FeaI7ge2QuLBXpd7RlsPEsMSlsrYHbMwh9XBDq9F/HydafeqpA==",
      "license": "ISC",
      "dependencies": {
        "@pc-nexus/internal": "0.8.0-next.14",
        "lodash": "^4.17.21"
      }
    },
    "node_modules/@pc-nexus/event": {
      "version": "0.8.0-next.14",
      "resolved": "https://registry.npmjs.org/@pc-nexus/event/-/event-0.8.0-next.14.tgz",
      "integrity": "sha512-qR03ZzRKvfAb82yZEHJ590XKk0SX3TQA58FCGzIiV1lkHqkSKrw+8pn0xjq82bhiFCYgLhP9Q53HBqdcNYxM3Q==",
      "license": "ISC",
      "dependencies": {
        "@pc-nexus/internal": "0.8.0-next.14"
      }
    },
    "node_modules/@pc-nexus/internal": {
      "version": "0.8.0-next.14",
      "resolved": "https://registry.npmjs.org/@pc-nexus/internal/-/internal-0.8.0-next.14.tgz",
      "integrity": "sha512-dbBdT1Mw4v0VIadb5nZFQp9hYTGgJBb15YehPH9gT56ri2gU+Og7o4YdRwKxUxjHJ5j+zdUnqmqxIR2JEIdd0w==",
      "license": "ISC"
    },
    "node_modules/@pc-nexus/network": {
      "version": "0.8.0-next.14",
      "resolved": "https://registry.npmjs.org/@pc-nexus/network/-/network-0.8.0-next.14.tgz",
      "integrity": "sha512-90/bZZbjUXcbjWo1hpgPgXUxYJwUZc3lgGIB9GM9uIKFp0SVqXvdDiAfcD+F+sZonExe+HCqxkpco1DXjPwKrA==",
      "license": "ISC",
      "dependencies": {
        "@pc-nexus/internal": "0.8.0-next.14"
      }
    },
    "node_modules/@pc-nexus/storage": {
      "version": "0.8.0-next.14",
      "resolved": "https://registry.npmjs.org/@pc-nexus/storage/-/storage-0.8.0-next.14.tgz",
      "integrity": "sha512-Zplx6dz71j4vhCgbNd6ucAkU+MS7C5RLPA7sWWzZgL2v7vO3AGtZcNnjfyOxZEXND+0orvuv/7qOryriJA2ncA==",
      "license": "ISC",
      "dependencies": {
        "@pc-nexus/internal": "0.8.0-next.14",
        "lodash": "^4.17.21"
      }
    },
    "node_modules/@types/node": {
      "version": "24.13.6",
      "resolved": "https://registry.npmjs.org/@types/node/-/node-24.13.6.tgz",
      "integrity": "sha512-SGrw/h3KPFshy3OE6ZL53LMBG5vGQQ8/gIpiqz/kRZhPJ7HgwCEs8LBuNtWLa8dvGZVpSF7+Bf+c11HUrCb/yg==",
      "dev": true,
      "license": "MIT",
      "dependencies": {
        "undici-types": "~7.18.0"
      }
    },
    "node_modules/lodash": {
      "version": "4.18.1",
      "resolved": "https://registry.npmjs.org/lodash/-/lodash-4.18.1.tgz",
      "integrity": "sha512-dMInicTPVE8d1e5otfwmmjlxkZoUpiVLwyeTdUsi/Caj/gfzzblBcCE5sRHV/AsjuCmxWrte2TNGSYuCeCq+0Q==",
      "license": "MIT"
    },
    "node_modules/typescript": {
      "version": "5.9.3",
      "resolved": "https://registry.npmjs.org/typescript/-/typescript-5.9.3.tgz",
      "integrity": "sha512-jl1vZzPDinLr9eUt3J/t7V6FgNEw9QjvBPdysz9KfQDD41fQrC2Y4vKQdiaUpFT4bXlb1RHhLpp8wtm6M5TgSw==",
      "dev": true,
      "license": "Apache-2.0",
      "bin": {
        "tsc": "bin/tsc",
        "tsserver": "bin/tsserver"
      },
      "engines": {
        "node": ">=14.17"
      }
    },
    "node_modules/undici-types": {
      "version": "7.18.2",
      "resolved": "https://registry.npmjs.org/undici-types/-/undici-types-7.18.2.tgz",
      "integrity": "sha512-AsuCzffGHJybSaRrmr5eHr81mwJU3kjw6M+uprWvCXiNeN9SOGwQ3Jn8jb8m3Z6izVgknn1R0FTCEAP2QrLY/w==",
      "dev": true,
      "license": "MIT"
    }
  }
}
